
Microsoft Visual Studio Solution File, Format Version 12.00
# Visual Studio Version 17
VisualStudioVersion = 17.3.32825.248
MinimumVisualStudioVersion = 10.0.40219.1
Project("{9A19103F-16F7-4668-BE54-9A1E7A4F7556}") = "HackYourFuture.DotnetMasterclass.Lesson3.Generics", "HackYourFuture.DotnetMasterclass.Lesson3.Generics\HackYourFuture.DotnetMasterclass.Lesson3.Generics.csproj", "{D52DA4D1-8B54-4059-99A3-35F7C28270F1}"
EndProject
Project("{FAE04EC0-301F-11D3-BF4B-00C04F79EFBC}") = "HackYourFuture.DotnetMasterclass.Lesson3.AsyncAwait", "HackYourFuture.DotnetMasterclass.Lesson3.AsyncAwait\HackYourFuture.DotnetMasterclass.Lesson3.AsyncAwait.csproj", "{02A85453-FAFD-455B-B006-3CB365F24A58}"
EndProject
Project("{FAE04EC0-301F-11D3-BF4B-00C04F79EFBC}") = "HackYourFuture.DotnetMasterclass.Lesson3.NuGetPackages", "HackYourFuture.DotnetMasterclass.Lesson3.NuGetPackages\HackYourFuture.DotnetMasterclass.Lesson3.NuGetPackages.csproj", "{6CA45CC0-2965-4D1F-B1A2-27E5F6208ED2}"
EndProject
Project("{FAE04EC0-301F-11D3-BF4B-00C04F79EFBC}") = "HackYourFuture.DotnetMasterclass.Lesson3.UnitTests", "HackYourFuture.DotnetMasterclass.Lesson3.UnitTests\HackYourFuture.DotnetMasterclass.Lesson3.UnitTests.csproj", "{8CE49400-BA56-46C9-BB7F-C1DEDE5FD61B}"
EndProject
Project("{FAE04EC0-301F-11D3-BF4B-00C04F79EFBC}") = "HackYourFuture.DotnetMasterclass.Lesson3.Logic", "HackYourFuture.DotnetMasterclass.Lesson3.Logic\HackYourFuture.DotnetMasterclass.Lesson3.Logic.csproj", "{C0FA2EB5-F768-4B3B-A9E2-0A09E7B78FF6}"
EndProject
Global
	GlobalSection(SolutionConfigurationPlatforms) = preSolution
		Debug|Any CPU = Debug|Any CPU
		Release|Any CPU = Release|Any CPU
	EndGlobalSection
	GlobalSection(ProjectConfigurationPlatforms) = postSolution
		{D52DA4D1-8B54-4059-99A3-35F7C28270F1}.Debug|Any CPU.ActiveCfg = Debug|Any CPU
		{D52DA4D1-8B54-4059-99A3-35F7C28270F1}.Debug|Any CPU.Build.0 = Debug|Any CPU
		{D52DA4D1-8B54-4059-99A3-35F7C28270F1}.Release|Any CPU.ActiveCfg = Release|Any CPU
		{D52DA4D1-8B54-4059-99A3-35F7C28270F1}.Release|Any CPU.Build.0 = Release|Any CPU
		{02A85453-FAFD-455B-B006-3CB365F24A58}.Debug|Any CPU.ActiveCfg = Debug|Any CPU
		{02A85453-FAFD-455B-B006-3CB365F24A58}.Debug|Any CPU.Build.0 = Debug|Any CPU
		{02A85453-FAFD-455B-B006-3CB365F24A58}.Release|Any CPU.ActiveCfg = Release|Any CPU
		{02A85453-FAFD-455B-B006-3CB365F24A58}.Release|Any CPU.Build.0 = Release|Any CPU
		{6CA45CC0-2965-4D1F-B1A2-27E5F6208ED2}.Debug|Any CPU.ActiveCfg = Debug|Any CPU
		{6CA45CC0-2965-4D1F-B1A2-27E5F6208ED2}.Debug|Any CPU.Build.0 = Debug|Any CPU
		{6CA45CC0-2965-4D1F-B1A2-27E5F6208ED2}.Release|Any CPU.ActiveCfg = Release|Any CPU
		{6CA45CC0-2965-4D1F-B1A2-27E5F6208ED2}.Release|Any CPU.Build.0 = Release|Any CPU
		{8CE49400-BA56-46C9-BB7F-C1DEDE5FD61B}.Debug|Any CPU.ActiveCfg = Debug|Any CPU
		{8CE49400-BA56-46C9-BB7F-C1DEDE5FD61B}.Debug|Any CPU.Build.0 = Debug|Any CPU
		{8CE49400-BA56-46C9-BB7F-C1DEDE5FD61B}.Release|Any CPU.ActiveCfg = Release|Any CPU
		{8CE49400-BA56-46C9-BB7F-C1DEDE5FD61B}.Release|Any CPU.Build.0 = Release|Any CPU
		{C0FA2EB5-F768-4B3B-A9E2-0A09E7B78FF6}.Debug|Any CPU.ActiveCfg = Debug|Any CPU
		{C0FA2EB5-F768-4B3B-A9E2-0A09E7B78FF6}.Debug|Any CPU.Build.0 = Debug|Any CPU
		{C0FA2EB5-F768-4B3B-A9E2-0A09E7B78FF6}.Release|Any CPU.ActiveCfg = Release|Any CPU
		{C0FA2EB5-F768-4B3B-A9E2-0A09E7B78FF6}.Release|Any CPU.Build.0 = Release|Any CPU
	EndGlobalSection
	GlobalSection(SolutionProperties) = preSolution
		HideSolutionNode = FALSE
	EndGlobalSection
	GlobalSection(ExtensibilityGlobals) = postSolution
		SolutionGuid = {4AD27E76-384E-4541-97C6-B3CB2DB1AA38}
	EndGlobalSection
EndGlobal
