
Microsoft Visual Studio Solution File, Format Version 12.00
# Visual Studio Version 17
VisualStudioVersion = 17.3.32929.385
MinimumVisualStudioVersion = 10.0.40219.1
Project("{FAE04EC0-301F-11D3-BF4B-00C04F79EFBC}") = "DatabaseApplication", "DatabaseApplication\DatabaseApplication.csproj", "{A82A4E5F-5D0C-4596-BFAD-2BE1C2AA0FE7}"
EndProject
Global
	GlobalSection(SolutionConfigurationPlatforms) = preSolution
		Debug|Any CPU = Debug|Any CPU
		Release|Any CPU = Release|Any CPU
	EndGlobalSection
	GlobalSection(ProjectConfigurationPlatforms) = postSolution
		{A82A4E5F-5D0C-4596-BFAD-2BE1C2AA0FE7}.Debug|Any CPU.ActiveCfg = Debug|Any CPU
		{A82A4E5F-5D0C-4596-BFAD-2BE1C2AA0FE7}.Debug|Any CPU.Build.0 = Debug|Any CPU
		{A82A4E5F-5D0C-4596-BFAD-2BE1C2AA0FE7}.Release|Any CPU.ActiveCfg = Release|Any CPU
		{A82A4E5F-5D0C-4596-BFAD-2BE1C2AA0FE7}.Release|Any CPU.Build.0 = Release|Any CPU
	EndGlobalSection
	GlobalSection(SolutionProperties) = preSolution
		HideSolutionNode = FALSE
	EndGlobalSection
	GlobalSection(ExtensibilityGlobals) = postSolution
		SolutionGuid = {F7370492-64DA-40F4-9D76-0204C8A5B13E}
	EndGlobalSection
EndGlobal
