
Microsoft Visual Studio Solution File, Format Version 12.00
# Visual Studio Version 17
VisualStudioVersion = 17.3.32819.101
MinimumVisualStudioVersion = 10.0.40219.1
Project("{9A19103F-16F7-4668-BE54-9A1E7A4F7556}") = "ExampleAdoNet", "ExampleAdoNet\ExampleAdoNet.csproj", "{9405CE72-F46B-4CBD-B288-2501EA1369BD}"
EndProject
Project("{FAE04EC0-301F-11D3-BF4B-00C04F79EFBC}") = "LinqToSql", "LinqToSql\LinqToSql.csproj", "{4961F084-33A0-4FF7-8F73-927671A3E2E9}"
EndProject
Global
	GlobalSection(SolutionConfigurationPlatforms) = preSolution
		Debug|Any CPU = Debug|Any CPU
		Release|Any CPU = Release|Any CPU
	EndGlobalSection
	GlobalSection(ProjectConfigurationPlatforms) = postSolution
		{9405CE72-F46B-4CBD-B288-2501EA1369BD}.Debug|Any CPU.ActiveCfg = Debug|Any CPU
		{9405CE72-F46B-4CBD-B288-2501EA1369BD}.Debug|Any CPU.Build.0 = Debug|Any CPU
		{9405CE72-F46B-4CBD-B288-2501EA1369BD}.Release|Any CPU.ActiveCfg = Release|Any CPU
		{9405CE72-F46B-4CBD-B288-2501EA1369BD}.Release|Any CPU.Build.0 = Release|Any CPU
		{4961F084-33A0-4FF7-8F73-927671A3E2E9}.Debug|Any CPU.ActiveCfg = Debug|Any CPU
		{4961F084-33A0-4FF7-8F73-927671A3E2E9}.Debug|Any CPU.Build.0 = Debug|Any CPU
		{4961F084-33A0-4FF7-8F73-927671A3E2E9}.Release|Any CPU.ActiveCfg = Release|Any CPU
		{4961F084-33A0-4FF7-8F73-927671A3E2E9}.Release|Any CPU.Build.0 = Release|Any CPU
	EndGlobalSection
	GlobalSection(SolutionProperties) = preSolution
		HideSolutionNode = FALSE
	EndGlobalSection
	GlobalSection(ExtensibilityGlobals) = postSolution
		SolutionGuid = {99903EB9-3B6F-4AE2-AE1F-562A6C4A1F02}
	EndGlobalSection
EndGlobal
